
Microsoft Visual Studio Solution File, Format Version 11.00
# Visual Studio 2010
Project("{FAE04EC0-301F-11D3-BF4B-00C04F79EFBC}") = "J.Console", "J.Console\J.Console.csproj", "{76BB0E70-B898-4271-9746-0E54BB45327E}"
EndProject
Project("{FAE04EC0-301F-11D3-BF4B-00C04F79EFBC}") = "J.SessionManager", "J.SessionManager\J.SessionManager.csproj", "{A7D9C1F7-5159-4E8E-A409-AF683BB2AA3E}"
EndProject
Project("{FAE04EC0-301F-11D3-BF4B-00C04F79EFBC}") = "J.SessionManager.Test", "J.SessionManager.Test\J.SessionManager.Test.csproj", "{EA2E9CD3-ABDD-49B3-B586-3C08A8C2AD2C}"
EndProject
Project("{FAE04EC0-301F-11D3-BF4B-00C04F79EFBC}") = "J.VS.Client", "J.VS.Client\J.VS.Client.csproj", "{07D3C614-DA91-4CA3-9216-E2BA6F61C071}"
EndProject
Global
	GlobalSection(SolutionConfigurationPlatforms) = preSolution
		Debug|x64 = Debug|x64
		Debug|x86 = Debug|x86
		Release|x64 = Release|x64
		Release|x86 = Release|x86
	EndGlobalSection
	GlobalSection(ProjectConfigurationPlatforms) = postSolution
		{76BB0E70-B898-4271-9746-0E54BB45327E}.Debug|x64.ActiveCfg = Debug|x64
		{76BB0E70-B898-4271-9746-0E54BB45327E}.Debug|x64.Build.0 = Debug|x64
		{76BB0E70-B898-4271-9746-0E54BB45327E}.Debug|x86.ActiveCfg = Debug|x86
		{76BB0E70-B898-4271-9746-0E54BB45327E}.Debug|x86.Build.0 = Debug|x86
		{76BB0E70-B898-4271-9746-0E54BB45327E}.Release|x64.ActiveCfg = Release|x64
		{76BB0E70-B898-4271-9746-0E54BB45327E}.Release|x64.Build.0 = Release|x64
		{76BB0E70-B898-4271-9746-0E54BB45327E}.Release|x86.ActiveCfg = Release|x86
		{76BB0E70-B898-4271-9746-0E54BB45327E}.Release|x86.Build.0 = Release|x86
		{A7D9C1F7-5159-4E8E-A409-AF683BB2AA3E}.Debug|x64.ActiveCfg = Debug|x64
		{A7D9C1F7-5159-4E8E-A409-AF683BB2AA3E}.Debug|x64.Build.0 = Debug|x64
		{A7D9C1F7-5159-4E8E-A409-AF683BB2AA3E}.Debug|x86.ActiveCfg = Debug|x86
		{A7D9C1F7-5159-4E8E-A409-AF683BB2AA3E}.Debug|x86.Build.0 = Debug|x86
		{A7D9C1F7-5159-4E8E-A409-AF683BB2AA3E}.Release|x64.ActiveCfg = Release|x64
		{A7D9C1F7-5159-4E8E-A409-AF683BB2AA3E}.Release|x64.Build.0 = Release|x64
		{A7D9C1F7-5159-4E8E-A409-AF683BB2AA3E}.Release|x86.ActiveCfg = Release|x86
		{A7D9C1F7-5159-4E8E-A409-AF683BB2AA3E}.Release|x86.Build.0 = Release|x86
		{EA2E9CD3-ABDD-49B3-B586-3C08A8C2AD2C}.Debug|x64.ActiveCfg = Debug|x64
		{EA2E9CD3-ABDD-49B3-B586-3C08A8C2AD2C}.Debug|x64.Build.0 = Debug|x64
		{EA2E9CD3-ABDD-49B3-B586-3C08A8C2AD2C}.Debug|x86.ActiveCfg = Debug|x86
		{EA2E9CD3-ABDD-49B3-B586-3C08A8C2AD2C}.Debug|x86.Build.0 = Debug|x86
		{EA2E9CD3-ABDD-49B3-B586-3C08A8C2AD2C}.Release|x64.ActiveCfg = Release|x64
		{EA2E9CD3-ABDD-49B3-B586-3C08A8C2AD2C}.Release|x64.Build.0 = Release|x64
		{EA2E9CD3-ABDD-49B3-B586-3C08A8C2AD2C}.Release|x86.ActiveCfg = Release|x86
		{EA2E9CD3-ABDD-49B3-B586-3C08A8C2AD2C}.Release|x86.Build.0 = Release|x86
		{07D3C614-DA91-4CA3-9216-E2BA6F61C071}.Debug|x64.ActiveCfg = Debug|x64
		{07D3C614-DA91-4CA3-9216-E2BA6F61C071}.Debug|x64.Build.0 = Debug|x64
		{07D3C614-DA91-4CA3-9216-E2BA6F61C071}.Debug|x86.ActiveCfg = Debug|x86
		{07D3C614-DA91-4CA3-9216-E2BA6F61C071}.Debug|x86.Build.0 = Debug|x86
		{07D3C614-DA91-4CA3-9216-E2BA6F61C071}.Release|x64.ActiveCfg = Release|x64
		{07D3C614-DA91-4CA3-9216-E2BA6F61C071}.Release|x64.Build.0 = Release|x64
		{07D3C614-DA91-4CA3-9216-E2BA6F61C071}.Release|x86.ActiveCfg = Release|x86
		{07D3C614-DA91-4CA3-9216-E2BA6F61C071}.Release|x86.Build.0 = Release|x86
	EndGlobalSection
	GlobalSection(SolutionProperties) = preSolution
		HideSolutionNode = FALSE
	EndGlobalSection
EndGlobal
